
Microsoft Visual Studio Solution File, Format Version 12.00
# Visual Studio Version 16
VisualStudioVersion = 16.0.32228.343
MinimumVisualStudioVersion = 10.0.40219.1
Project("{FAE04EC0-301F-11D3-BF4B-00C04F79EFBC}") = "AutofacDemo", "AutofacDemo\AutofacDemo.csproj", "{98B446EF-131A-4C9F-8497-FBCD49220880}"
EndProject
Project("{FAE04EC0-301F-11D3-BF4B-00C04F79EFBC}") = "BusinessDomain", "BusinessDomain\BusinessDomain.csproj", "{48638209-6F2A-416A-B90E-46CB4F9ADBE5}"
EndProject
Global
	GlobalSection(SolutionConfigurationPlatforms) = preSolution
		Debug|Any CPU = Debug|Any CPU
		Release|Any CPU = Release|Any CPU
	EndGlobalSection
	GlobalSection(ProjectConfigurationPlatforms) = postSolution
		{98B446EF-131A-4C9F-8497-FBCD49220880}.Debug|Any CPU.ActiveCfg = Debug|Any CPU
		{98B446EF-131A-4C9F-8497-FBCD49220880}.Debug|Any CPU.Build.0 = Debug|Any CPU
		{98B446EF-131A-4C9F-8497-FBCD49220880}.Release|Any CPU.ActiveCfg = Release|Any CPU
		{98B446EF-131A-4C9F-8497-FBCD49220880}.Release|Any CPU.Build.0 = Release|Any CPU
		{48638209-6F2A-416A-B90E-46CB4F9ADBE5}.Debug|Any CPU.ActiveCfg = Debug|Any CPU
		{48638209-6F2A-416A-B90E-46CB4F9ADBE5}.Debug|Any CPU.Build.0 = Debug|Any CPU
		{48638209-6F2A-416A-B90E-46CB4F9ADBE5}.Release|Any CPU.ActiveCfg = Release|Any CPU
		{48638209-6F2A-416A-B90E-46CB4F9ADBE5}.Release|Any CPU.Build.0 = Release|Any CPU
	EndGlobalSection
	GlobalSection(SolutionProperties) = preSolution
		HideSolutionNode = FALSE
	EndGlobalSection
	GlobalSection(ExtensibilityGlobals) = postSolution
		SolutionGuid = {79EA3973-E8EC-495A-8F45-FAC47D844C84}
	EndGlobalSection
EndGlobal
